
Microsoft Visual Studio Solution File, Format Version 12.00
Project("{FAE04EC0-301F-11D3-BF4B-00C04F79EFBC}") = "SocialNetwork", "SocialNetwork\SocialNetwork.csproj", "{6498FB6A-1A94-4E61-934C-EE63057BBD85}"
EndProject
Global
	GlobalSection(SolutionConfigurationPlatforms) = preSolution
		Debug|Any CPU = Debug|Any CPU
		Release|Any CPU = Release|Any CPU
	EndGlobalSection
	GlobalSection(ProjectConfigurationPlatforms) = postSolution
		{6498FB6A-1A94-4E61-934C-EE63057BBD85}.Debug|Any CPU.ActiveCfg = Debug|Any CPU
		{6498FB6A-1A94-4E61-934C-EE63057BBD85}.Debug|Any CPU.Build.0 = Debug|Any CPU
		{6498FB6A-1A94-4E61-934C-EE63057BBD85}.Release|Any CPU.ActiveCfg = Release|Any CPU
		{6498FB6A-1A94-4E61-934C-EE63057BBD85}.Release|Any CPU.Build.0 = Release|Any CPU
	EndGlobalSection
EndGlobal
